
Microsoft Visual Studio Solution File, Format Version 12.00
# Visual Studio 15
VisualStudioVersion = 15.0.27004.2010
MinimumVisualStudioVersion = 10.0.40219.1
Project("{2150E333-8FDC-42A3-9474-1A3956D46DE8}") = "Solution Items", "Solution Items", "{013DFD29-E1DB-4968-A67B-C2342E6F5B6E}"
	ProjectSection(SolutionItems) = preProject
		Clean.cmd = Clean.cmd
		Issue.txt = Issue.txt
		NuGet.Config = NuGet.Config
	EndProjectSection
EndProject
Project("{2150E333-8FDC-42A3-9474-1A3956D46DE8}") = "src", "src", "{3D04C4DC-6F8E-4326-9569-92F3E26C6EEB}"
EndProject
Project("{2150E333-8FDC-42A3-9474-1A3956D46DE8}") = "shared", "shared", "{B6984E67-A4D0-459E-B3C9-01CA4DBBE241}"
EndProject
Project("{D954291E-2A0B-460D-934E-DC6B0785DB48}") = "CuteAnt.Extensions.Logging.Sources", "..\CuteAnt.Extensions.Common\src\CuteAnt.Extensions.Logging.Sources\CuteAnt.Extensions.Logging.Sources.shproj", "{8DBB7DC8-2B90-4A8C-A60D-D41466174BDE}"
EndProject
Project("{D954291E-2A0B-460D-934E-DC6B0785DB48}") = "CuteAnt.Extensions.Reflection.Sources", "..\CuteAnt.Extensions.Common\src\CuteAnt.Extensions.Reflection.Sources\CuteAnt.Extensions.Reflection.Sources.shproj", "{C7F8DBE6-77B7-494D-AF00-018F7579548C}"
EndProject
Project("{2150E333-8FDC-42A3-9474-1A3956D46DE8}") = "examples", "examples", "{3511E2D1-F581-420E-8DC4-8F0386947621}"
EndProject
Project("{9A19103F-16F7-4668-BE54-9A1E7A4F7556}") = "DotNetty.Common", "src\DotNetty.Common\DotNetty.Common.csproj", "{3B9613C3-0FE1-4F7A-AD5A-454952629867}"
EndProject
Project("{9A19103F-16F7-4668-BE54-9A1E7A4F7556}") = "DotNetty.Buffers", "src\DotNetty.Buffers\DotNetty.Buffers.csproj", "{0040F4F7-B6F8-4823-A6F6-1ABC16C20098}"
EndProject
Project("{9A19103F-16F7-4668-BE54-9A1E7A4F7556}") = "DotNetty.Transport", "src\DotNetty.Transport\DotNetty.Transport.csproj", "{C2A9F2F6-363A-4AE0-8080-6830CB204996}"
EndProject
Project("{D954291E-2A0B-460D-934E-DC6B0785DB48}") = "Nito.AsyncEx.ExceptionEnlightenment.Sources", "..\CuteAnt.Extensions.Common\src\Nito.AsyncEx.ExceptionEnlightenment.Sources\Nito.AsyncEx.ExceptionEnlightenment.Sources.shproj", "{D90E9B82-6317-4055-82E3-FE8625C143E9}"
EndProject
Project("{9A19103F-16F7-4668-BE54-9A1E7A4F7556}") = "DotNetty.Codecs", "src\DotNetty.Codecs\DotNetty.Codecs.csproj", "{D02DB5E8-FD54-46C4-8793-F117B7165D7D}"
EndProject
Project("{9A19103F-16F7-4668-BE54-9A1E7A4F7556}") = "DotNetty.Handlers", "src\DotNetty.Handlers\DotNetty.Handlers.csproj", "{B4E683BC-92EA-4ADC-8B99-BA7208507D80}"
EndProject
Project("{9A19103F-16F7-4668-BE54-9A1E7A4F7556}") = "Echo.Server", "examples\Echo.Server\Echo.Server.csproj", "{BA163586-F875-4488-9188-53A4A14DFD34}"
EndProject
Project("{9A19103F-16F7-4668-BE54-9A1E7A4F7556}") = "Examples.Common", "examples\Examples.Common\Examples.Common.csproj", "{D1CA5CE3-72DF-4FC2-BC00-D6A56E400880}"
EndProject
Project("{9A19103F-16F7-4668-BE54-9A1E7A4F7556}") = "Echo.Client", "examples\Echo.Client\Echo.Client.csproj", "{E73F8609-66E0-423D-A434-706264CCF4DA}"
EndProject
Project("{9A19103F-16F7-4668-BE54-9A1E7A4F7556}") = "DotNetty.Transport.Libuv", "src\DotNetty.Transport.Libuv\DotNetty.Transport.Libuv.csproj", "{96F6DA44-439E-42C3-8DCA-E7A28879CE11}"
EndProject
Global
	GlobalSection(SharedMSBuildProjectFiles) = preSolution
		..\CuteAnt.Extensions.Common\src\CuteAnt.Extensions.Logging.Sources\CuteAnt.Extensions.Logging.Sources.projitems*{8dbb7dc8-2b90-4a8c-a60d-d41466174bde}*SharedItemsImports = 13
		..\CuteAnt.Extensions.Common\src\CuteAnt.Extensions.Reflection.Sources\CuteAnt.Extensions.Reflection.Sources.projitems*{c7f8dbe6-77b7-494d-af00-018f7579548c}*SharedItemsImports = 13
		..\CuteAnt.Extensions.Common\src\Nito.AsyncEx.ExceptionEnlightenment.Sources\Nito.AsyncEx.ExceptionEnlightenment.Sources.projitems*{d90e9b82-6317-4055-82e3-fe8625c143e9}*SharedItemsImports = 13
	EndGlobalSection
	GlobalSection(SolutionConfigurationPlatforms) = preSolution
		Debug|Any CPU = Debug|Any CPU
		Debug|ARM = Debug|ARM
		Debug|x64 = Debug|x64
		Debug|x86 = Debug|x86
		Release|Any CPU = Release|Any CPU
		Release|ARM = Release|ARM
		Release|x64 = Release|x64
		Release|x86 = Release|x86
	EndGlobalSection
	GlobalSection(ProjectConfigurationPlatforms) = postSolution
		{3B9613C3-0FE1-4F7A-AD5A-454952629867}.Debug|Any CPU.ActiveCfg = Debug|Any CPU
		{3B9613C3-0FE1-4F7A-AD5A-454952629867}.Debug|Any CPU.Build.0 = Debug|Any CPU
		{3B9613C3-0FE1-4F7A-AD5A-454952629867}.Debug|ARM.ActiveCfg = Debug|Any CPU
		{3B9613C3-0FE1-4F7A-AD5A-454952629867}.Debug|ARM.Build.0 = Debug|Any CPU
		{3B9613C3-0FE1-4F7A-AD5A-454952629867}.Debug|x64.ActiveCfg = Debug|Any CPU
		{3B9613C3-0FE1-4F7A-AD5A-454952629867}.Debug|x64.Build.0 = Debug|Any CPU
		{3B9613C3-0FE1-4F7A-AD5A-454952629867}.Debug|x86.ActiveCfg = Debug|Any CPU
		{3B9613C3-0FE1-4F7A-AD5A-454952629867}.Debug|x86.Build.0 = Debug|Any CPU
		{3B9613C3-0FE1-4F7A-AD5A-454952629867}.Release|Any CPU.ActiveCfg = Release|Any CPU
		{3B9613C3-0FE1-4F7A-AD5A-454952629867}.Release|Any CPU.Build.0 = Release|Any CPU
		{3B9613C3-0FE1-4F7A-AD5A-454952629867}.Release|ARM.ActiveCfg = Release|Any CPU
		{3B9613C3-0FE1-4F7A-AD5A-454952629867}.Release|ARM.Build.0 = Release|Any CPU
		{3B9613C3-0FE1-4F7A-AD5A-454952629867}.Release|x64.ActiveCfg = Release|Any CPU
		{3B9613C3-0FE1-4F7A-AD5A-454952629867}.Release|x64.Build.0 = Release|Any CPU
		{3B9613C3-0FE1-4F7A-AD5A-454952629867}.Release|x86.ActiveCfg = Release|Any CPU
		{3B9613C3-0FE1-4F7A-AD5A-454952629867}.Release|x86.Build.0 = Release|Any CPU
		{0040F4F7-B6F8-4823-A6F6-1ABC16C20098}.Debug|Any CPU.ActiveCfg = Debug|Any CPU
		{0040F4F7-B6F8-4823-A6F6-1ABC16C20098}.Debug|Any CPU.Build.0 = Debug|Any CPU
		{0040F4F7-B6F8-4823-A6F6-1ABC16C20098}.Debug|ARM.ActiveCfg = Debug|Any CPU
		{0040F4F7-B6F8-4823-A6F6-1ABC16C20098}.Debug|ARM.Build.0 = Debug|Any CPU
		{0040F4F7-B6F8-4823-A6F6-1ABC16C20098}.Debug|x64.ActiveCfg = Debug|Any CPU
		{0040F4F7-B6F8-4823-A6F6-1ABC16C20098}.Debug|x64.Build.0 = Debug|Any CPU
		{0040F4F7-B6F8-4823-A6F6-1ABC16C20098}.Debug|x86.ActiveCfg = Debug|Any CPU
		{0040F4F7-B6F8-4823-A6F6-1ABC16C20098}.Debug|x86.Build.0 = Debug|Any CPU
		{0040F4F7-B6F8-4823-A6F6-1ABC16C20098}.Release|Any CPU.ActiveCfg = Release|Any CPU
		{0040F4F7-B6F8-4823-A6F6-1ABC16C20098}.Release|Any CPU.Build.0 = Release|Any CPU
		{0040F4F7-B6F8-4823-A6F6-1ABC16C20098}.Release|ARM.ActiveCfg = Release|Any CPU
		{0040F4F7-B6F8-4823-A6F6-1ABC16C20098}.Release|ARM.Build.0 = Release|Any CPU
		{0040F4F7-B6F8-4823-A6F6-1ABC16C20098}.Release|x64.ActiveCfg = Release|Any CPU
		{0040F4F7-B6F8-4823-A6F6-1ABC16C20098}.Release|x64.Build.0 = Release|Any CPU
		{0040F4F7-B6F8-4823-A6F6-1ABC16C20098}.Release|x86.ActiveCfg = Release|Any CPU
		{0040F4F7-B6F8-4823-A6F6-1ABC16C20098}.Release|x86.Build.0 = Release|Any CPU
		{C2A9F2F6-363A-4AE0-8080-6830CB204996}.Debug|Any CPU.ActiveCfg = Debug|Any CPU
		{C2A9F2F6-363A-4AE0-8080-6830CB204996}.Debug|Any CPU.Build.0 = Debug|Any CPU
		{C2A9F2F6-363A-4AE0-8080-6830CB204996}.Debug|ARM.ActiveCfg = Debug|Any CPU
		{C2A9F2F6-363A-4AE0-8080-6830CB204996}.Debug|ARM.Build.0 = Debug|Any CPU
		{C2A9F2F6-363A-4AE0-8080-6830CB204996}.Debug|x64.ActiveCfg = Debug|Any CPU
		{C2A9F2F6-363A-4AE0-8080-6830CB204996}.Debug|x64.Build.0 = Debug|Any CPU
		{C2A9F2F6-363A-4AE0-8080-6830CB204996}.Debug|x86.ActiveCfg = Debug|Any CPU
		{C2A9F2F6-363A-4AE0-8080-6830CB204996}.Debug|x86.Build.0 = Debug|Any CPU
		{C2A9F2F6-363A-4AE0-8080-6830CB204996}.Release|Any CPU.ActiveCfg = Release|Any CPU
		{C2A9F2F6-363A-4AE0-8080-6830CB204996}.Release|Any CPU.Build.0 = Release|Any CPU
		{C2A9F2F6-363A-4AE0-8080-6830CB204996}.Release|ARM.ActiveCfg = Release|Any CPU
		{C2A9F2F6-363A-4AE0-8080-6830CB204996}.Release|ARM.Build.0 = Release|Any CPU
		{C2A9F2F6-363A-4AE0-8080-6830CB204996}.Release|x64.ActiveCfg = Release|Any CPU
		{C2A9F2F6-363A-4AE0-8080-6830CB204996}.Release|x64.Build.0 = Release|Any CPU
		{C2A9F2F6-363A-4AE0-8080-6830CB204996}.Release|x86.ActiveCfg = Release|Any CPU
		{C2A9F2F6-363A-4AE0-8080-6830CB204996}.Release|x86.Build.0 = Release|Any CPU
		{D02DB5E8-FD54-46C4-8793-F117B7165D7D}.Debug|Any CPU.ActiveCfg = Debug|Any CPU
		{D02DB5E8-FD54-46C4-8793-F117B7165D7D}.Debug|Any CPU.Build.0 = Debug|Any CPU
		{D02DB5E8-FD54-46C4-8793-F117B7165D7D}.Debug|ARM.ActiveCfg = Debug|Any CPU
		{D02DB5E8-FD54-46C4-8793-F117B7165D7D}.Debug|ARM.Build.0 = Debug|Any CPU
		{D02DB5E8-FD54-46C4-8793-F117B7165D7D}.Debug|x64.ActiveCfg = Debug|Any CPU
		{D02DB5E8-FD54-46C4-8793-F117B7165D7D}.Debug|x64.Build.0 = Debug|Any CPU
		{D02DB5E8-FD54-46C4-8793-F117B7165D7D}.Debug|x86.ActiveCfg = Debug|Any CPU
		{D02DB5E8-FD54-46C4-8793-F117B7165D7D}.Debug|x86.Build.0 = Debug|Any CPU
		{D02DB5E8-FD54-46C4-8793-F117B7165D7D}.Release|Any CPU.ActiveCfg = Release|Any CPU
		{D02DB5E8-FD54-46C4-8793-F117B7165D7D}.Release|Any CPU.Build.0 = Release|Any CPU
		{D02DB5E8-FD54-46C4-8793-F117B7165D7D}.Release|ARM.ActiveCfg = Release|Any CPU
		{D02DB5E8-FD54-46C4-8793-F117B7165D7D}.Release|ARM.Build.0 = Release|Any CPU
		{D02DB5E8-FD54-46C4-8793-F117B7165D7D}.Release|x64.ActiveCfg = Release|Any CPU
		{D02DB5E8-FD54-46C4-8793-F117B7165D7D}.Release|x64.Build.0 = Release|Any CPU
		{D02DB5E8-FD54-46C4-8793-F117B7165D7D}.Release|x86.ActiveCfg = Release|Any CPU
		{D02DB5E8-FD54-46C4-8793-F117B7165D7D}.Release|x86.Build.0 = Release|Any CPU
		{B4E683BC-92EA-4ADC-8B99-BA7208507D80}.Debug|Any CPU.ActiveCfg = Debug|Any CPU
		{B4E683BC-92EA-4ADC-8B99-BA7208507D80}.Debug|Any CPU.Build.0 = Debug|Any CPU
		{B4E683BC-92EA-4ADC-8B99-BA7208507D80}.Debug|ARM.ActiveCfg = Debug|Any CPU
		{B4E683BC-92EA-4ADC-8B99-BA7208507D80}.Debug|ARM.Build.0 = Debug|Any CPU
		{B4E683BC-92EA-4ADC-8B99-BA7208507D80}.Debug|x64.ActiveCfg = Debug|Any CPU
		{B4E683BC-92EA-4ADC-8B99-BA7208507D80}.Debug|x64.Build.0 = Debug|Any CPU
		{B4E683BC-92EA-4ADC-8B99-BA7208507D80}.Debug|x86.ActiveCfg = Debug|Any CPU
		{B4E683BC-92EA-4ADC-8B99-BA7208507D80}.Debug|x86.Build.0 = Debug|Any CPU
		{B4E683BC-92EA-4ADC-8B99-BA7208507D80}.Release|Any CPU.ActiveCfg = Release|Any CPU
		{B4E683BC-92EA-4ADC-8B99-BA7208507D80}.Release|Any CPU.Build.0 = Release|Any CPU
		{B4E683BC-92EA-4ADC-8B99-BA7208507D80}.Release|ARM.ActiveCfg = Release|Any CPU
		{B4E683BC-92EA-4ADC-8B99-BA7208507D80}.Release|ARM.Build.0 = Release|Any CPU
		{B4E683BC-92EA-4ADC-8B99-BA7208507D80}.Release|x64.ActiveCfg = Release|Any CPU
		{B4E683BC-92EA-4ADC-8B99-BA7208507D80}.Release|x64.Build.0 = Release|Any CPU
		{B4E683BC-92EA-4ADC-8B99-BA7208507D80}.Release|x86.ActiveCfg = Release|Any CPU
		{B4E683BC-92EA-4ADC-8B99-BA7208507D80}.Release|x86.Build.0 = Release|Any CPU
		{BA163586-F875-4488-9188-53A4A14DFD34}.Debug|Any CPU.ActiveCfg = Debug|Any CPU
		{BA163586-F875-4488-9188-53A4A14DFD34}.Debug|Any CPU.Build.0 = Debug|Any CPU
		{BA163586-F875-4488-9188-53A4A14DFD34}.Debug|ARM.ActiveCfg = Debug|Any CPU
		{BA163586-F875-4488-9188-53A4A14DFD34}.Debug|ARM.Build.0 = Debug|Any CPU
		{BA163586-F875-4488-9188-53A4A14DFD34}.Debug|x64.ActiveCfg = Debug|Any CPU
		{BA163586-F875-4488-9188-53A4A14DFD34}.Debug|x64.Build.0 = Debug|Any CPU
		{BA163586-F875-4488-9188-53A4A14DFD34}.Debug|x86.ActiveCfg = Debug|Any CPU
		{BA163586-F875-4488-9188-53A4A14DFD34}.Debug|x86.Build.0 = Debug|Any CPU
		{BA163586-F875-4488-9188-53A4A14DFD34}.Release|Any CPU.ActiveCfg = Release|Any CPU
		{BA163586-F875-4488-9188-53A4A14DFD34}.Release|Any CPU.Build.0 = Release|Any CPU
		{BA163586-F875-4488-9188-53A4A14DFD34}.Release|ARM.ActiveCfg = Release|Any CPU
		{BA163586-F875-4488-9188-53A4A14DFD34}.Release|ARM.Build.0 = Release|Any CPU
		{BA163586-F875-4488-9188-53A4A14DFD34}.Release|x64.ActiveCfg = Release|Any CPU
		{BA163586-F875-4488-9188-53A4A14DFD34}.Release|x64.Build.0 = Release|Any CPU
		{BA163586-F875-4488-9188-53A4A14DFD34}.Release|x86.ActiveCfg = Release|Any CPU
		{BA163586-F875-4488-9188-53A4A14DFD34}.Release|x86.Build.0 = Release|Any CPU
		{D1CA5CE3-72DF-4FC2-BC00-D6A56E400880}.Debug|Any CPU.ActiveCfg = Debug|Any CPU
		{D1CA5CE3-72DF-4FC2-BC00-D6A56E400880}.Debug|Any CPU.Build.0 = Debug|Any CPU
		{D1CA5CE3-72DF-4FC2-BC00-D6A56E400880}.Debug|ARM.ActiveCfg = Debug|Any CPU
		{D1CA5CE3-72DF-4FC2-BC00-D6A56E400880}.Debug|ARM.Build.0 = Debug|Any CPU
		{D1CA5CE3-72DF-4FC2-BC00-D6A56E400880}.Debug|x64.ActiveCfg = Debug|Any CPU
		{D1CA5CE3-72DF-4FC2-BC00-D6A56E400880}.Debug|x64.Build.0 = Debug|Any CPU
		{D1CA5CE3-72DF-4FC2-BC00-D6A56E400880}.Debug|x86.ActiveCfg = Debug|Any CPU
		{D1CA5CE3-72DF-4FC2-BC00-D6A56E400880}.Debug|x86.Build.0 = Debug|Any CPU
		{D1CA5CE3-72DF-4FC2-BC00-D6A56E400880}.Release|Any CPU.ActiveCfg = Release|Any CPU
		{D1CA5CE3-72DF-4FC2-BC00-D6A56E400880}.Release|Any CPU.Build.0 = Release|Any CPU
		{D1CA5CE3-72DF-4FC2-BC00-D6A56E400880}.Release|ARM.ActiveCfg = Release|Any CPU
		{D1CA5CE3-72DF-4FC2-BC00-D6A56E400880}.Release|ARM.Build.0 = Release|Any CPU
		{D1CA5CE3-72DF-4FC2-BC00-D6A56E400880}.Release|x64.ActiveCfg = Release|Any CPU
		{D1CA5CE3-72DF-4FC2-BC00-D6A56E400880}.Release|x64.Build.0 = Release|Any CPU
		{D1CA5CE3-72DF-4FC2-BC00-D6A56E400880}.Release|x86.ActiveCfg = Release|Any CPU
		{D1CA5CE3-72DF-4FC2-BC00-D6A56E400880}.Release|x86.Build.0 = Release|Any CPU
		{E73F8609-66E0-423D-A434-706264CCF4DA}.Debug|Any CPU.ActiveCfg = Debug|Any CPU
		{E73F8609-66E0-423D-A434-706264CCF4DA}.Debug|Any CPU.Build.0 = Debug|Any CPU
		{E73F8609-66E0-423D-A434-706264CCF4DA}.Debug|ARM.ActiveCfg = Debug|Any CPU
		{E73F8609-66E0-423D-A434-706264CCF4DA}.Debug|ARM.Build.0 = Debug|Any CPU
		{E73F8609-66E0-423D-A434-706264CCF4DA}.Debug|x64.ActiveCfg = Debug|Any CPU
		{E73F8609-66E0-423D-A434-706264CCF4DA}.Debug|x64.Build.0 = Debug|Any CPU
		{E73F8609-66E0-423D-A434-706264CCF4DA}.Debug|x86.ActiveCfg = Debug|Any CPU
		{E73F8609-66E0-423D-A434-706264CCF4DA}.Debug|x86.Build.0 = Debug|Any CPU
		{E73F8609-66E0-423D-A434-706264CCF4DA}.Release|Any CPU.ActiveCfg = Release|Any CPU
		{E73F8609-66E0-423D-A434-706264CCF4DA}.Release|Any CPU.Build.0 = Release|Any CPU
		{E73F8609-66E0-423D-A434-706264CCF4DA}.Release|ARM.ActiveCfg = Release|Any CPU
		{E73F8609-66E0-423D-A434-706264CCF4DA}.Release|ARM.Build.0 = Release|Any CPU
		{E73F8609-66E0-423D-A434-706264CCF4DA}.Release|x64.ActiveCfg = Release|Any CPU
		{E73F8609-66E0-423D-A434-706264CCF4DA}.Release|x64.Build.0 = Release|Any CPU
		{E73F8609-66E0-423D-A434-706264CCF4DA}.Release|x86.ActiveCfg = Release|Any CPU
		{E73F8609-66E0-423D-A434-706264CCF4DA}.Release|x86.Build.0 = Release|Any CPU
		{96F6DA44-439E-42C3-8DCA-E7A28879CE11}.Debug|Any CPU.ActiveCfg = Debug|Any CPU
		{96F6DA44-439E-42C3-8DCA-E7A28879CE11}.Debug|Any CPU.Build.0 = Debug|Any CPU
		{96F6DA44-439E-42C3-8DCA-E7A28879CE11}.Debug|ARM.ActiveCfg = Debug|Any CPU
		{96F6DA44-439E-42C3-8DCA-E7A28879CE11}.Debug|ARM.Build.0 = Debug|Any CPU
		{96F6DA44-439E-42C3-8DCA-E7A28879CE11}.Debug|x64.ActiveCfg = Debug|Any CPU
		{96F6DA44-439E-42C3-8DCA-E7A28879CE11}.Debug|x64.Build.0 = Debug|Any CPU
		{96F6DA44-439E-42C3-8DCA-E7A28879CE11}.Debug|x86.ActiveCfg = Debug|Any CPU
		{96F6DA44-439E-42C3-8DCA-E7A28879CE11}.Debug|x86.Build.0 = Debug|Any CPU
		{96F6DA44-439E-42C3-8DCA-E7A28879CE11}.Release|Any CPU.ActiveCfg = Release|Any CPU
		{96F6DA44-439E-42C3-8DCA-E7A28879CE11}.Release|Any CPU.Build.0 = Release|Any CPU
		{96F6DA44-439E-42C3-8DCA-E7A28879CE11}.Release|ARM.ActiveCfg = Release|Any CPU
		{96F6DA44-439E-42C3-8DCA-E7A28879CE11}.Release|ARM.Build.0 = Release|Any CPU
		{96F6DA44-439E-42C3-8DCA-E7A28879CE11}.Release|x64.ActiveCfg = Release|Any CPU
		{96F6DA44-439E-42C3-8DCA-E7A28879CE11}.Release|x64.Build.0 = Release|Any CPU
		{96F6DA44-439E-42C3-8DCA-E7A28879CE11}.Release|x86.ActiveCfg = Release|Any CPU
		{96F6DA44-439E-42C3-8DCA-E7A28879CE11}.Release|x86.Build.0 = Release|Any CPU
	EndGlobalSection
	GlobalSection(SolutionProperties) = preSolution
		HideSolutionNode = FALSE
	EndGlobalSection
	GlobalSection(NestedProjects) = preSolution
		{8DBB7DC8-2B90-4A8C-A60D-D41466174BDE} = {B6984E67-A4D0-459E-B3C9-01CA4DBBE241}
		{C7F8DBE6-77B7-494D-AF00-018F7579548C} = {B6984E67-A4D0-459E-B3C9-01CA4DBBE241}
		{3B9613C3-0FE1-4F7A-AD5A-454952629867} = {3D04C4DC-6F8E-4326-9569-92F3E26C6EEB}
		{0040F4F7-B6F8-4823-A6F6-1ABC16C20098} = {3D04C4DC-6F8E-4326-9569-92F3E26C6EEB}
		{C2A9F2F6-363A-4AE0-8080-6830CB204996} = {3D04C4DC-6F8E-4326-9569-92F3E26C6EEB}
		{D90E9B82-6317-4055-82E3-FE8625C143E9} = {B6984E67-A4D0-459E-B3C9-01CA4DBBE241}
		{D02DB5E8-FD54-46C4-8793-F117B7165D7D} = {3D04C4DC-6F8E-4326-9569-92F3E26C6EEB}
		{B4E683BC-92EA-4ADC-8B99-BA7208507D80} = {3D04C4DC-6F8E-4326-9569-92F3E26C6EEB}
		{BA163586-F875-4488-9188-53A4A14DFD34} = {3511E2D1-F581-420E-8DC4-8F0386947621}
		{D1CA5CE3-72DF-4FC2-BC00-D6A56E400880} = {3511E2D1-F581-420E-8DC4-8F0386947621}
		{E73F8609-66E0-423D-A434-706264CCF4DA} = {3511E2D1-F581-420E-8DC4-8F0386947621}
		{96F6DA44-439E-42C3-8DCA-E7A28879CE11} = {3D04C4DC-6F8E-4326-9569-92F3E26C6EEB}
	EndGlobalSection
	GlobalSection(ExtensibilityGlobals) = postSolution
		SolutionGuid = {A659CEFB-DDB3-49BE-AEDD-FF2F1B3297DB}
	EndGlobalSection
EndGlobal
